
Microsoft Visual Studio Solution File, Format Version 12.00
# Visual Studio Version 16
VisualStudioVersion = 16.0.30804.86
MinimumVisualStudioVersion = 10.0.40219.1
Project("{FAE04EC0-301F-11D3-BF4B-00C04F79EFBC}") = "parte1", "parte1\parte1.csproj", "{CD860F40-4B40-4448-97B1-FE2F315D2487}"
EndProject
Global
	GlobalSection(SolutionConfigurationPlatforms) = preSolution
		Debug|Any CPU = Debug|Any CPU
		Release|Any CPU = Release|Any CPU
	EndGlobalSection
	GlobalSection(ProjectConfigurationPlatforms) = postSolution
		{CD860F40-4B40-4448-97B1-FE2F315D2487}.Debug|Any CPU.ActiveCfg = Debug|Any CPU
		{CD860F40-4B40-4448-97B1-FE2F315D2487}.Debug|Any CPU.Build.0 = Debug|Any CPU
		{CD860F40-4B40-4448-97B1-FE2F315D2487}.Release|Any CPU.ActiveCfg = Release|Any CPU
		{CD860F40-4B40-4448-97B1-FE2F315D2487}.Release|Any CPU.Build.0 = Release|Any CPU
	EndGlobalSection
	GlobalSection(SolutionProperties) = preSolution
		HideSolutionNode = FALSE
	EndGlobalSection
	GlobalSection(ExtensibilityGlobals) = postSolution
		SolutionGuid = {5ED82053-A460-4D86-AFC7-64FFDC0B1D2C}
	EndGlobalSection
EndGlobal
